
Microsoft Visual Studio Solution File, Format Version 12.00
# Visual Studio Version 16
VisualStudioVersion = 16.0.29911.84
MinimumVisualStudioVersion = 10.0.40219.1
Project("{FAE04EC0-301F-11D3-BF4B-00C04F79EFBC}") = "pokedex_c_sharp_definitivo", "pokedex_c_sharp_definitivo\pokedex_c_sharp_definitivo.csproj", "{6EC73209-AB54-43B0-A623-DC939E35EECA}"
EndProject
Global
	GlobalSection(SolutionConfigurationPlatforms) = preSolution
		Debug|Any CPU = Debug|Any CPU
		Release|Any CPU = Release|Any CPU
	EndGlobalSection
	GlobalSection(ProjectConfigurationPlatforms) = postSolution
		{6EC73209-AB54-43B0-A623-DC939E35EECA}.Debug|Any CPU.ActiveCfg = Debug|Any CPU
		{6EC73209-AB54-43B0-A623-DC939E35EECA}.Debug|Any CPU.Build.0 = Debug|Any CPU
		{6EC73209-AB54-43B0-A623-DC939E35EECA}.Release|Any CPU.ActiveCfg = Release|Any CPU
		{6EC73209-AB54-43B0-A623-DC939E35EECA}.Release|Any CPU.Build.0 = Release|Any CPU
	EndGlobalSection
	GlobalSection(SolutionProperties) = preSolution
		HideSolutionNode = FALSE
	EndGlobalSection
	GlobalSection(ExtensibilityGlobals) = postSolution
		SolutionGuid = {A56044C0-907C-4595-9CBB-5DB1D7D172AA}
	EndGlobalSection
EndGlobal
